
Microsoft Visual Studio Solution File, Format Version 12.00
# Visual Studio 15
VisualStudioVersion = 15.0.26730.16
MinimumVisualStudioVersion = 10.0.40219.1
Project("{FAE04EC0-301F-11D3-BF4B-00C04F79EFBC}") = "MOAR_Core", "MOAR_Core\MOAR_Core.csproj", "{93BDF281-20E1-4510-AB21-3CBCBEF677C7}"
	ProjectSection(ProjectDependencies) = postProject
		{44519978-B912-4AEA-8923-2F044AFC3C30} = {44519978-B912-4AEA-8923-2F044AFC3C30}
	EndProjectSection
EndProject
Project("{FAE04EC0-301F-11D3-BF4B-00C04F79EFBC}") = "MOAR_Mecanoids", "MOAR_Mecanoids\MOAR_Mecanoids.csproj", "{44519978-B912-4AEA-8923-2F044AFC3C30}"
EndProject
Global
	GlobalSection(SolutionConfigurationPlatforms) = preSolution
		Debug|Any CPU = Debug|Any CPU
		Release|Any CPU = Release|Any CPU
	EndGlobalSection
	GlobalSection(ProjectConfigurationPlatforms) = postSolution
		{93BDF281-20E1-4510-AB21-3CBCBEF677C7}.Debug|Any CPU.ActiveCfg = Debug|Any CPU
		{93BDF281-20E1-4510-AB21-3CBCBEF677C7}.Debug|Any CPU.Build.0 = Debug|Any CPU
		{93BDF281-20E1-4510-AB21-3CBCBEF677C7}.Release|Any CPU.ActiveCfg = Release|Any CPU
		{93BDF281-20E1-4510-AB21-3CBCBEF677C7}.Release|Any CPU.Build.0 = Release|Any CPU
		{44519978-B912-4AEA-8923-2F044AFC3C30}.Debug|Any CPU.ActiveCfg = Debug|Any CPU
		{44519978-B912-4AEA-8923-2F044AFC3C30}.Debug|Any CPU.Build.0 = Debug|Any CPU
		{44519978-B912-4AEA-8923-2F044AFC3C30}.Release|Any CPU.ActiveCfg = Release|Any CPU
		{44519978-B912-4AEA-8923-2F044AFC3C30}.Release|Any CPU.Build.0 = Release|Any CPU
	EndGlobalSection
	GlobalSection(SolutionProperties) = preSolution
		HideSolutionNode = FALSE
	EndGlobalSection
	GlobalSection(ExtensibilityGlobals) = postSolution
		SolutionGuid = {592FE1BB-7280-4AA7-BEE5-9EA7B5DE7CE1}
	EndGlobalSection
EndGlobal
